
Microsoft Visual Studio Solution File, Format Version 12.00
# Visual Studio Version 16
VisualStudioVersion = 16.0.35425.106
MinimumVisualStudioVersion = 10.0.40219.1
Project("{FAE04EC0-301F-11D3-BF4B-00C04F79EFBC}") = "Lab10", "Lab10\Lab10.csproj", "{82E63F1E-56D8-4140-8658-AE0C9D65935F}"
EndProject
Global
	GlobalSection(SolutionConfigurationPlatforms) = preSolution
		Debug|Any CPU = Debug|Any CPU
		Release|Any CPU = Release|Any CPU
	EndGlobalSection
	GlobalSection(ProjectConfigurationPlatforms) = postSolution
		{82E63F1E-56D8-4140-8658-AE0C9D65935F}.Debug|Any CPU.ActiveCfg = Debug|Any CPU
		{82E63F1E-56D8-4140-8658-AE0C9D65935F}.Debug|Any CPU.Build.0 = Debug|Any CPU
		{82E63F1E-56D8-4140-8658-AE0C9D65935F}.Release|Any CPU.ActiveCfg = Release|Any CPU
		{82E63F1E-56D8-4140-8658-AE0C9D65935F}.Release|Any CPU.Build.0 = Release|Any CPU
	EndGlobalSection
	GlobalSection(SolutionProperties) = preSolution
		HideSolutionNode = FALSE
	EndGlobalSection
	GlobalSection(ExtensibilityGlobals) = postSolution
		SolutionGuid = {5729BF31-03FC-47E4-BCAF-1D100F011E1A}
	EndGlobalSection
EndGlobal
